// !$*UTF8*$!
{
	archiveVersion = 1;
	classes = {
	};
	objectVersion = 46;
	objects = {

/* Begin PBXBuildFile section */
		47CDF5F019C3EF9800BCC678 /* AppDelegate.swift in Sources */ = {isa = PBXBuildFile; fileRef = 47CDF5EF19C3EF9800BCC678 /* AppDelegate.swift */; };
		47CDF5F219C3EF9800BCC678 /* ViewController.swift in Sources */ = {isa = PBXBuildFile; fileRef = 47CDF5F119C3EF9800BCC678 /* ViewController.swift */; };
		47CDF5F519C3EF9900BCC678 /* Main.storyboard in Resources */ = {isa = PBXBuildFile; fileRef = 47CDF5F319C3EF9900BCC678 /* Main.storyboard */; };
		47CDF5F719C3EF9900BCC678 /* Images.xcassets in Resources */ = {isa = PBXBuildFile; fileRef = 47CDF5F619C3EF9900BCC678 /* Images.xcassets */; };
		47CDF5FA19C3EF9900BCC678 /* LaunchScreen.xib in Resources */ = {isa = PBXBuildFile; fileRef = 47CDF5F819C3EF9900BCC678 /* LaunchScreen.xib */; };
		47CDF60619C3EF9900BCC678 /* Postcard1Tests.swift in Sources */ = {isa = PBXBuildFile; fileRef = 47CDF60519C3EF9900BCC678 /* Postcard1Tests.swift */; };
/* End PBXBuildFile section */

/* Begin PBXContainerItemProxy section */
		47CDF60019C3EF9900BCC678 /* PBXContainerItemProxy */ = {
			isa = PBXContainerItemProxy;
			containerPortal = 47CDF5E219C3EF9800BCC678 /* Project object */;
			proxyType = 1;
			remoteGlobalIDString = 47CDF5E919C3EF9800BCC678;
			remoteInfo = Postcard1;
		};
/* End PBXContainerItemProxy section */

/* Begin PBXFileReference section */
		47CDF5EA19C3EF9800BCC678 /* Postcard1.app */ = {isa = PBXFileReference; explicitFileType = wrapper.application; includeInIndex = 0; path = Postcard1.app; sourceTree = BUILT_PRODUCTS_DIR; };
		47CDF5EE19C3EF9800BCC678 /* Info.plist */ = {isa = PBXFileReference; lastKnownFileType = text.plist.xml; path = Info.plist; sourceTree = "<group>"; };
		47CDF5EF19C3EF9800BCC678 /* AppDelegate.swift */ = {isa = PBXFileReference; lastKnownFileType = sourcecode.swift; path = AppDelegate.swift; sourceTree = "<group>"; };
		47CDF5F119C3EF9800BCC678 /* ViewController.swift */ = {isa = PBXFileReference; lastKnownFileType = sourcecode.swift; path = ViewController.swift; sourceTree = "<group>"; };
		47CDF5F419C3EF9900BCC678 /* Base */ = {isa = PBXFileReference; lastKnownFileType = file.storyboard; name = Base; path = Base.lproj/Main.storyboard; sourceTree = "<group>"; };
		47CDF5F619C3EF9900BCC678 /* Images.xcassets */ = {isa = PBXFileReference; lastKnownFileType = folder.assetcatalog; path = Images.xcassets; sourceTree = "<group>"; };
		47CDF5F919C3EF9900BCC678 /* Base */ = {isa = PBXFileReference; lastKnownFileType = file.xib; name = Base; path = Base.lproj/LaunchScreen.xib; sourceTree = "<group>"; };
		47CDF5FF19C3EF9900BCC678 /* Postcard1Tests.xctest */ = {isa = PBXFileReference; explicitFileType = wrapper.cfbundle; includeInIndex = 0; path = Postcard1Tests.xctest; sourceTree = BUILT_PRODUCTS_DIR; };
		47CDF60419C3EF9900BCC678 /* Info.plist */ = {isa = PBXFileReference; lastKnownFileType = text.plist.xml; path = Info.plist; sourceTree = "<group>"; };
		47CDF60519C3EF9900BCC678 /* Postcard1Tests.swift */ = {isa = PBXFileReference; lastKnownFileType = sourcecode.swift; path = Postcard1Tests.swift; sourceTree = "<group>"; };
/* End PBXFileReference section */

/* Begin PBXFrameworksBuildPhase section */
		47CDF5E719C3EF9800BCC678 /* Frameworks */ = {
			isa = PBXFrameworksBuildPhase;
			buildActionMask = 2147483647;
			files = (
			);
			runOnlyForDeploymentPostprocessing = 0;
		};
		47CDF5FC19C3EF9900BCC678 /* Frameworks */ = {
			isa = PBXFrameworksBuildPhase;
			buildActionMask = 2147483647;
			files = (
			);
			runOnlyForDeploymentPostprocessing = 0;
		};
/* End PBXFrameworksBuildPhase section */

/* Begin PBXGroup section */
		47CDF5E119C3EF9800BCC678 = {
			isa = PBXGroup;
			children = (
				47CDF5EC19C3EF9800BCC678 /* Postcard1 */,
				47CDF60219C3EF9900BCC678 /* Postcard1Tests */,
				47CDF5EB19C3EF9800BCC678 /* Products */,
			);
			sourceTree = "<group>";
		};
		47CDF5EB19C3EF9800BCC678 /* Products */ = {
			isa = PBXGroup;
			children = (
				47CDF5EA19C3EF9800BCC678 /* Postcard1.app */,
				47CDF5FF19C3EF9900BCC678 /* Postcard1Tests.xctest */,
			);
			name = Products;
			sourceTree = "<group>";
		};
		47CDF5EC19C3EF9800BCC678 /* Postcard1 */ = {
			isa = PBXGroup;
			children = (
				47CDF5EF19C3EF9800BCC678 /* AppDelegate.swift */,
				47CDF5F119C3EF9800BCC678 /* ViewController.swift */,
				47CDF5F319C3EF9900BCC678 /* Main.storyboard */,
				47CDF5F619C3EF9900BCC678 /* Images.xcassets */,
				47CDF5F819C3EF9900BCC678 /* LaunchScreen.xib */,
				47CDF5ED19C3EF9800BCC678 /* Supporting Files */,
			);
			path = Postcard1;
			sourceTree = "<group>";
		};
		47CDF5ED19C3EF9800BCC678 /* Supporting Files */ = {
			isa = PBXGroup;
			children = (
				47CDF5EE19C3EF9800BCC678 /* Info.plist */,
			);
			name = "Supporting Files";
			sourceTree = "<group>";
		};
		47CDF60219C3EF9900BCC678 /* Postcard1Tests */ = {
			isa = PBXGroup;
			children = (
				47CDF60519C3EF9900BCC678 /* Postcard1Tests.swift */,
				47CDF60319C3EF9900BCC678 /* Supporting Files */,
			);
			path = Postcard1Tests;
			sourceTree = "<group>";
		};
		47CDF60319C3EF9900BCC678 /* Supporting Files */ = {
			isa = PBXGroup;
			children = (
				47CDF60419C3EF9900BCC678 /* Info.plist */,
			);
			name = "Supporting Files";
			sourceTree = "<group>";
		};
/* End PBXGroup section */

/* Begin PBXNativeTarget section */
		47CDF5E919C3EF9800BCC678 /* Postcard1 */ = {
			isa = PBXNativeTarget;
			buildConfigurationList = 47CDF60919C3EF9900BCC678 /* Build configuration list for PBXNativeTarget "Postcard1" */;
			buildPhases = (
				47CDF5E619C3EF9800BCC678 /* Sources */,
				47CDF5E719C3EF9800BCC678 /* Frameworks */,
				47CDF5E819C3EF9800BCC678 /* Resources */,
			);
			buildRules = (
			);
			dependencies = (
			);
			name = Postcard1;
			productName = Postcard1;
			productReference = 47CDF5EA19C3EF9800BCC678 /* Postcard1.app */;
			productType = "com.apple.product-type.application";
		};
		47CDF5FE19C3EF9900BCC678 /* Postcard1Tests */ = {
			isa = PBXNativeTarget;
			buildConfigurationList = 47CDF60C19C3EF9900BCC678 /* Build configuration list for PBXNativeTarget "Postcard1Tests" */;
			buildPhases = (
				47CDF5FB19C3EF9900BCC678 /* Sources */,
				47CDF5FC19C3EF9900BCC678 /* Frameworks */,
				47CDF5FD19C3EF9900BCC678 /* Resources */,
			);
			buildRules = (
			);
			dependencies = (
				47CDF60119C3EF9900BCC678 /* PBXTargetDependency */,
			);
			name = Postcard1Tests;
			productName = Postcard1Tests;
			productReference = 47CDF5FF19C3EF9900BCC678 /* Postcard1Tests.xctest */;
			productType = "com.apple.product-type.bundle.unit-test";
		};
/* End PBXNativeTarget section */

/* Begin PBXProject section */
		47CDF5E219C3EF9800BCC678 /* Project object */ = {
			isa = PBXProject;
			attributes = {
				LastUpgradeCheck = 0600;
				ORGANIZATIONNAME = "Jordan Wright";
				TargetAttributes = {
					47CDF5E919C3EF9800BCC678 = {
						CreatedOnToolsVersion = 6.1;
					};
					47CDF5FE19C3EF9900BCC678 = {
						CreatedOnToolsVersion = 6.1;
						TestTargetID = 47CDF5E919C3EF9800BCC678;
					};
				};
			};
			buildConfigurationList = 47CDF5E519C3EF9800BCC678 /* Build configuration list for PBXProject "Postcard1" */;
			compatibilityVersion = "Xcode 3.2";
			developmentRegion = English;
			hasScannedForEncodings = 0;
			knownRegions = (
				en,
				Base,
			);
			mainGroup = 47CDF5E119C3EF9800BCC678;
			productRefGroup = 47CDF5EB19C3EF9800BCC678 /* Products */;
			projectDirPath = "";
			projectRoot = "";
			targets = (
				47CDF5E919C3EF9800BCC678 /* Postcard1 */,
				47CDF5FE19C3EF9900BCC678 /* Postcard1Tests */,
			);
		};
/* End PBXProject section */

/* Begin PBXResourcesBuildPhase section */
		47CDF5E819C3EF9800BCC678 /* Resources */ = {
			isa = PBXResourcesBuildPhase;
			buildActionMask = 2147483647;
			files = (
				47CDF5F519C3EF9900BCC678 /* Main.storyboard in Resources */,
				47CDF5FA19C3EF9900BCC678 /* LaunchScreen.xib in Resources */,
				47CDF5F719C3EF9900BCC678 /* Images.xcassets in Resources */,
			);
			runOnlyForDeploymentPostprocessing = 0;
		};
		47CDF5FD19C3EF9900BCC678 /* Resources */ = {
			isa = PBXResourcesBuildPhase;
			buildActionMask = 2147483647;
			files = (
			);
			runOnlyForDeploymentPostprocessing = 0;
		};
/* End PBXResourcesBuildPhase section */

/* Begin PBXSourcesBuildPhase section */
		47CDF5E619C3EF9800BCC678 /* Sources */ = {
			isa = PBXSourcesBuildPhase;
			buildActionMask = 2147483647;
			files = (
				47CDF5F219C3EF9800BCC678 /* ViewController.swift in Sources */,
				47CDF5F019C3EF9800BCC678 /* AppDelegate.swift in Sources */,
			);
			runOnlyForDeploymentPostprocessing = 0;
		};
		47CDF5FB19C3EF9900BCC678 /* Sources */ = {
			isa = PBXSourcesBuildPhase;
			buildActionMask = 2147483647;
			files = (
				47CDF60619C3EF9900BCC678 /* Postcard1Tests.swift in Sources */,
			);
			runOnlyForDeploymentPostprocessing = 0;
		};
/* End PBXSourcesBuildPhase section */

/* Begin PBXTargetDependency section */
		47CDF60119C3EF9900BCC678 /* PBXTargetDependency */ = {
			isa = PBXTargetDependency;
			target = 47CDF5E919C3EF9800BCC678 /* Postcard1 */;
			targetProxy = 47CDF60019C3EF9900BCC678 /* PBXContainerItemProxy */;
		};
/* End PBXTargetDependency section */

/* Begin PBXVariantGroup section */
		47CDF5F319C3EF9900BCC678 /* Main.storyboard */ = {
			isa = PBXVariantGroup;
			children = (
				47CDF5F419C3EF9900BCC678 /* Base */,
			);
			name = Main.storyboard;
			sourceTree = "<group>";
		};
		47CDF5F819C3EF9900BCC678 /* LaunchScreen.xib */ = {
			isa = PBXVariantGroup;
			children = (
				47CDF5F919C3EF9900BCC678 /* Base */,
			);
			name = LaunchScreen.xib;
			sourceTree = "<group>";
		};
/* End PBXVariantGroup section */

/* Begin XCBuildConfiguration section */
		47CDF60719C3EF9900BCC678 /* Debug */ = {
			isa = XCBuildConfiguration;
			buildSettings = {
				ALWAYS_SEARCH_USER_PATHS = NO;
				CLANG_CXX_LANGUAGE_STANDARD = "gnu++0x";
				CLANG_CXX_LIBRARY = "libc++";
				CLANG_ENABLE_MODULES = YES;
				CLANG_ENABLE_OBJC_ARC = YES;
				CLANG_WARN_BOOL_CONVERSION = YES;
				CLANG_WARN_CONSTANT_CONVERSION = YES;
				CLANG_WARN_DIRECT_OBJC_ISA_USAGE = YES_ERROR;
				CLANG_WARN_EMPTY_BODY = YES;
				CLANG_WARN_ENUM_CONVERSION = YES;
				CLANG_WARN_INT_CONVERSION = YES;
				CLANG_WARN_OBJC_ROOT_CLASS = YES_ERROR;
				CLANG_WARN_UNREACHABLE_CODE = YES;
				CLANG_WARN__DUPLICATE_METHOD_MATCH = YES;
				"CODE_SIGN_IDENTITY[sdk=iphoneos*]" = "iPhone Developer";
				COPY_PHASE_STRIP = NO;
				ENABLE_STRICT_OBJC_MSGSEND = YES;
				GCC_C_LANGUAGE_STANDARD = gnu99;
				GCC_DYNAMIC_NO_PIC = NO;
				GCC_OPTIMIZATION_LEVEL = 0;
				GCC_PREPROCESSOR_DEFINITIONS = (
					"DEBUG=1",
					"$(inherited)",
				);
				GCC_SYMBOLS_PRIVATE_EXTERN = NO;
				GCC_WARN_64_TO_32_BIT_CONVERSION = YES;
				GCC_WARN_ABOUT_RETURN_TYPE = YES_ERROR;
				GCC_WARN_UNDECLARED_SELECTOR = YES;
				GCC_WARN_UNINITIALIZED_AUTOS = YES_AGGRESSIVE;
				GCC_WARN_UNUSED_FUNCTION = YES;
				GCC_WARN_UNUSED_VARIABLE = YES;
				IPHONEOS_DEPLOYMENT_TARGET = 8.0;
				MTL_ENABLE_DEBUG_INFO = YES;
				ONLY_ACTIVE_ARCH = YES;
				SDKROOT = iphoneos;
				SWIFT_OPTIMIZATION_LEVEL = "-Onone";
			};
			name = Debug;
		};
		47CDF60819C3EF9900BCC678 /* Release */ = {
			isa = XCBuildConfiguration;
			buildSettings = {
				ALWAYS_SEARCH_USER_PATHS = NO;
				CLANG_CXX_LANGUAGE_STANDARD = "gnu++0x";
				CLANG_CXX_LIBRARY = "libc++";
				CLANG_ENABLE_MODULES = YES;
				CLANG_ENABLE_OBJC_ARC = YES;
				CLANG_WARN_BOOL_CONVERSION = YES;
				CLANG_WARN_CONSTANT_CONVERSION = YES;
				CLANG_WARN_DIRECT_OBJC_ISA_USAGE = YES_ERROR;
				CLANG_WARN_EMPTY_BODY = YES;
				CLANG_WARN_ENUM_CONVERSION = YES;
				CLANG_WARN_INT_CONVERSION = YES;
				CLANG_WARN_OBJC_ROOT_CLASS = YES_ERROR;
				CLANG_WARN_UNREACHABLE_CODE = YES;
				CLANG_WARN__DUPLICATE_METHOD_MATCH = YES;
				"CODE_SIGN_IDENTITY[sdk=iphoneos*]" = "iPhone Developer";
				COPY_PHASE_STRIP = YES;
				ENABLE_NS_ASSERTIONS = NO;
				ENABLE_STRICT_OBJC_MSGSEND = YES;
				GCC_C_LANGUAGE_STANDARD = gnu99;
				GCC_WARN_64_TO_32_BIT_CONVERSION = YES;
				GCC_WARN_ABOUT_RETURN_TYPE = YES_ERROR;
				GCC_WARN_UNDECLARED_SELECTOR = YES;
				GCC_WARN_UNINITIALIZED_AUTOS = YES_AGGRESSIVE;
				GCC_WARN_UNUSED_FUNCTION = YES;
				GCC_WARN_UNUSED_VARIABLE = YES;
				IPHONEOS_DEPLOYMENT_TARGET = 8.0;
				MTL_ENABLE_DEBUG_INFO = NO;
				SDKROOT = iphoneos;
				VALIDATE_PRODUCT = YES;
			};
			name = Release;
		};
		47CDF60A19C3EF9900BCC678 /* Debug */ = {
			isa = XCBuildConfiguration;
			buildSettings = {
				ASSETCATALOG_COMPILER_APPICON_NAME = AppIcon;
				INFOPLIST_FILE = Postcard1/Info.plist;
				LD_RUNPATH_SEARCH_PATHS = "$(inherited) @executable_path/Frameworks";
				PRODUCT_NAME = "$(TARGET_NAME)";
			};
			name = Debug;
		};
		47CDF60B19C3EF9900BCC678 /* Release */ = {
			isa = XCBuildConfiguration;
			buildSettings = {
				ASSETCATALOG_COMPILER_APPICON_NAME = AppIcon;
				INFOPLIST_FILE = Postcard1/Info.plist;
				LD_RUNPATH_SEARCH_PATHS = "$(inherited) @executable_path/Frameworks";
				PRODUCT_NAME = "$(TARGET_NAME)";
			};
			name = Release;
		};
		47CDF60D19C3EF9900BCC678 /* Debug */ = {
			isa = XCBuildConfiguration;
			buildSettings = {
				BUNDLE_LOADER = "$(TEST_HOST)";
				FRAMEWORK_SEARCH_PATHS = (
					"$(SDKROOT)/Developer/Library/Frameworks",
					"$(inherited)",
				);
				GCC_PREPROCESSOR_DEFINITIONS = (
					"DEBUG=1",
					"$(inherited)",
				);
				INFOPLIST_FILE = Postcard1Tests/Info.plist;
				LD_RUNPATH_SEARCH_PATHS = "$(inherited) @executable_path/Frameworks @loader_path/Frameworks";
				PRODUCT_NAME = "$(TARGET_NAME)";
				TEST_HOST = "$(BUILT_PRODUCTS_DIR)/Postcard1.app/Postcard1";
			};
			name = Debug;
		};
		47CDF60E19C3EF9900BCC678 /* Release */ = {
			isa = XCBuildConfiguration;
			buildSettings = {
				BUNDLE_LOADER = "$(TEST_HOST)";
				FRAMEWORK_SEARCH_PATHS = (
					"$(SDKROOT)/Developer/Library/Frameworks",
					"$(inherited)",
				);
				INFOPLIST_FILE = Postcard1Tests/Info.plist;
				LD_RUNPATH_SEARCH_PATHS = "$(inherited) @executable_path/Frameworks @loader_path/Frameworks";
				PRODUCT_NAME = "$(TARGET_NAME)";
				TEST_HOST = "$(BUILT_PRODUCTS_DIR)/Postcard1.app/Postcard1";
			};
			name = Release;
		};
/* End XCBuildConfiguration section */

/* Begin XCConfigurationList section */
		47CDF5E519C3EF9800BCC678 /* Build configuration list for PBXProject "Postcard1" */ = {
			isa = XCConfigurationList;
			buildConfigurations = (
				47CDF60719C3EF9900BCC678 /* Debug */,
				47CDF60819C3EF9900BCC678 /* Release */,
			);
			defaultConfigurationIsVisible = 0;
			defaultConfigurationName = Release;
		};
		47CDF60919C3EF9900BCC678 /* Build configuration list for PBXNativeTarget "Postcard1" */ = {
			isa = XCConfigurationList;
			buildConfigurations = (
				47CDF60A19C3EF9900BCC678 /* Debug */,
				47CDF60B19C3EF9900BCC678 /* Release */,
			);
			defaultConfigurationIsVisible = 0;
		};
		47CDF60C19C3EF9900BCC678 /* Build configuration list for PBXNativeTarget "Postcard1Tests" */ = {
			isa = XCConfigurationList;
			buildConfigurations = (
				47CDF60D19C3EF9900BCC678 /* Debug */,
				47CDF60E19C3EF9900BCC678 /* Release */,
			);
			defaultConfigurationIsVisible = 0;
		};
/* End XCConfigurationList section */
	};
	rootObject = 47CDF5E219C3EF9800BCC678 /* Project object */;
}
